{
  "name": "highlayerd",
  "version": "0.0.1",
  "lockfileVersion": 3,
  "requires": true,
  "packages": {
    "": {
      "name": "highlayerd",
      "version": "0.0.1",
      "license": "MPL-2.0",
      "dependencies": {
        "glomium": "^1.1.1",
        "weselowski-vdf-native": "^1.0.0"
      }
    },
    "node_modules/b4a": {
      "version": "1.6.6",
      "resolved": "https://registry.npmjs.org/b4a/-/b4a-1.6.6.tgz",
      "integrity": "sha512-5Tk1HLk6b6ctmjIkAcU/Ujv/1WqiDl0F0JdRCR80VsOcUlHcu7pWeWRlOqQLHfDEsVx9YH/aif5AG4ehoCtTmg=="
    },
    "node_modules/bare-events": {
      "version": "2.2.2",
      "resolved": "https://registry.npmjs.org/bare-events/-/bare-events-2.2.2.tgz",
      "integrity": "sha512-h7z00dWdG0PYOQEvChhOSWvOfkIKsdZGkWr083FgN/HyoQuebSew/cgirYqh9SCuy/hRvxc5Vy6Fw8xAmYHLkQ==",
      "optional": true
    },
    "node_modules/bare-fs": {
      "version": "2.2.3",
      "resolved": "https://registry.npmjs.org/bare-fs/-/bare-fs-2.2.3.tgz",
      "integrity": "sha512-amG72llr9pstfXOBOHve1WjiuKKAMnebcmMbPWDZ7BCevAoJLpugjuAPRsDINEyjT0a6tbaVx3DctkXIRbLuJw==",
      "optional": true,
      "dependencies": {
        "bare-events": "^2.0.0",
        "bare-path": "^2.0.0",
        "streamx": "^2.13.0"
      }
    },
    "node_modules/bare-os": {
      "version": "2.2.1",
      "resolved": "https://registry.npmjs.org/bare-os/-/bare-os-2.2.1.tgz",
      "integrity": "sha512-OwPyHgBBMkhC29Hl3O4/YfxW9n7mdTr2+SsO29XBWKKJsbgj3mnorDB80r5TiCQgQstgE5ga1qNYrpes6NvX2w==",
      "optional": true
    },
    "node_modules/bare-path": {
      "version": "2.1.1",
      "resolved": "https://registry.npmjs.org/bare-path/-/bare-path-2.1.1.tgz",
      "integrity": "sha512-OHM+iwRDRMDBsSW7kl3dO62JyHdBKO3B25FB9vNQBPcGHMo4+eA8Yj41Lfbk3pS/seDY+siNge0LdRTulAau/A==",
      "optional": true,
      "dependencies": {
        "bare-os": "^2.1.0"
      }
    },
    "node_modules/end-of-stream": {
      "version": "1.4.4",
      "resolved": "https://registry.npmjs.org/end-of-stream/-/end-of-stream-1.4.4.tgz",
      "integrity": "sha512-+uw1inIHVPQoaVuHzRyXd21icM+cnt4CzD5rW+NC1wjOUSTOs+Te7FOv7AhN7vS9x/oIyhLP5PR1H+phQAHu5Q==",
      "dependencies": {
        "once": "^1.4.0"
      }
    },
    "node_modules/fast-fifo": {
      "version": "1.3.2",
      "resolved": "https://registry.npmjs.org/fast-fifo/-/fast-fifo-1.3.2.tgz",
      "integrity": "sha512-/d9sfos4yxzpwkDkuN7k2SqFKtYNmCTzgfEpz82x34IM9/zc8KGxQoXg1liNC/izpRM/MBdt44Nmx41ZWqk+FQ=="
    },
    "node_modules/follow-redirects": {
      "version": "1.15.6",
      "resolved": "https://registry.npmjs.org/follow-redirects/-/follow-redirects-1.15.6.tgz",
      "integrity": "sha512-wWN62YITEaOpSK584EZXJafH1AGpO8RVgElfkuXbTOrPX4fIfOyEpW/CsiNd8JdYrAoOvafRTOEnvsO++qCqFA==",
      "funding": [
        {
          "type": "individual",
          "url": "https://github.com/sponsors/RubenVerborgh"
        }
      ],
      "engines": {
        "node": ">=4.0"
      },
      "peerDependenciesMeta": {
        "debug": {
          "optional": true
        }
      }
    },
    "node_modules/glomium": {
      "version": "1.1.1",
      "resolved": "https://registry.npmjs.org/glomium/-/glomium-1.1.1.tgz",
      "integrity": "sha512-g6McZeKeaym2tAeOQpoH6SyHCL35iD/Qrk0TxeC2gCp3EIBjPgFIFxBKYirjFKvvr1ZKh8btvLTZ1/axX+/cDg==",
      "hasInstallScript": true,
      "dependencies": {
        "follow-redirects": "^1.15.3",
        "nan": "^2.18.0",
        "node-addon-api": "^7.1.0",
        "tar-fs": "^3.0.4"
      }
    },
    "node_modules/nan": {
      "version": "2.19.0",
      "resolved": "https://registry.npmjs.org/nan/-/nan-2.19.0.tgz",
      "integrity": "sha512-nO1xXxfh/RWNxfd/XPfbIfFk5vgLsAxUR9y5O0cHMJu/AW9U95JLXqthYHjEp+8gQ5p96K9jUp8nbVOxCdRbtw=="
    },
    "node_modules/node-addon-api": {
      "version": "7.1.0",
      "resolved": "https://registry.npmjs.org/node-addon-api/-/node-addon-api-7.1.0.tgz",
      "integrity": "sha512-mNcltoe1R8o7STTegSOHdnJNN7s5EUvhoS7ShnTHDyOSd+8H+UdWODq6qSv67PjC8Zc5JRT8+oLAMCr0SIXw7g==",
      "engines": {
        "node": "^16 || ^18 || >= 20"
      }
    },
    "node_modules/once": {
      "version": "1.4.0",
      "resolved": "https://registry.npmjs.org/once/-/once-1.4.0.tgz",
      "integrity": "sha512-lNaJgI+2Q5URQBkccEKHTQOPaXdUxnZZElQTZY0MFUAuaEqe1E+Nyvgdz/aIyNi6Z9MzO5dv1H8n58/GELp3+w==",
      "dependencies": {
        "wrappy": "1"
      }
    },
    "node_modules/pump": {
      "version": "3.0.0",
      "resolved": "https://registry.npmjs.org/pump/-/pump-3.0.0.tgz",
      "integrity": "sha512-LwZy+p3SFs1Pytd/jYct4wpv49HiYCqd9Rlc5ZVdk0V+8Yzv6jR5Blk3TRmPL1ft69TxP0IMZGJ+WPFU2BFhww==",
      "dependencies": {
        "end-of-stream": "^1.1.0",
        "once": "^1.3.1"
      }
    },
    "node_modules/queue-tick": {
      "version": "1.0.1",
      "resolved": "https://registry.npmjs.org/queue-tick/-/queue-tick-1.0.1.tgz",
      "integrity": "sha512-kJt5qhMxoszgU/62PLP1CJytzd2NKetjSRnyuj31fDd3Rlcz3fzlFdFLD1SItunPwyqEOkca6GbV612BWfaBag=="
    },
    "node_modules/streamx": {
      "version": "2.16.1",
      "resolved": "https://registry.npmjs.org/streamx/-/streamx-2.16.1.tgz",
      "integrity": "sha512-m9QYj6WygWyWa3H1YY69amr4nVgy61xfjys7xO7kviL5rfIEc2naf+ewFiOA+aEJD7y0JO3h2GoiUv4TDwEGzQ==",
      "dependencies": {
        "fast-fifo": "^1.1.0",
        "queue-tick": "^1.0.1"
      },
      "optionalDependencies": {
        "bare-events": "^2.2.0"
      }
    },
    "node_modules/tar-fs": {
      "version": "3.0.5",
      "resolved": "https://registry.npmjs.org/tar-fs/-/tar-fs-3.0.5.tgz",
      "integrity": "sha512-JOgGAmZyMgbqpLwct7ZV8VzkEB6pxXFBVErLtb+XCOqzc6w1xiWKI9GVd6bwk68EX7eJ4DWmfXVmq8K2ziZTGg==",
      "dependencies": {
        "pump": "^3.0.0",
        "tar-stream": "^3.1.5"
      },
      "optionalDependencies": {
        "bare-fs": "^2.1.1",
        "bare-path": "^2.1.0"
      }
    },
    "node_modules/tar-stream": {
      "version": "3.1.7",
      "resolved": "https://registry.npmjs.org/tar-stream/-/tar-stream-3.1.7.tgz",
      "integrity": "sha512-qJj60CXt7IU1Ffyc3NJMjh6EkuCFej46zUqJ4J7pqYlThyd9bO0XBTmcOIhSzZJVWfsLks0+nle/j538YAW9RQ==",
      "dependencies": {
        "b4a": "^1.6.4",
        "fast-fifo": "^1.2.0",
        "streamx": "^2.15.0"
      }
    },
    "node_modules/weselowski-vdf-native": {
      "version": "1.0.0",
      "resolved": "https://registry.npmjs.org/weselowski-vdf-native/-/weselowski-vdf-native-1.0.0.tgz",
      "integrity": "sha512-bBL7rY3pG7Z9pCEb53cMbpiZbHKhXUbhpLrLBXcTZePDpGFWSphDwQ1IlFPRdsS7NF+FMJ2GKshf6+iu9n4BmQ==",
      "hasInstallScript": true,
      "dependencies": {
        "node-addon-api": "^8.0.0"
      }
    },
    "node_modules/weselowski-vdf-native/node_modules/node-addon-api": {
      "version": "8.0.0",
      "resolved": "https://registry.npmjs.org/node-addon-api/-/node-addon-api-8.0.0.tgz",
      "integrity": "sha512-ipO7rsHEBqa9STO5C5T10fj732ml+5kLN1cAG8/jdHd56ldQeGj3Q7+scUS+VHK/qy1zLEwC4wMK5+yM0btPvw==",
      "engines": {
        "node": "^18 || ^20 || >= 21"
      }
    },
    "node_modules/wrappy": {
      "version": "1.0.2",
      "resolved": "https://registry.npmjs.org/wrappy/-/wrappy-1.0.2.tgz",
      "integrity": "sha512-l4Sp/DRseor9wL6EvV2+TuQn63dMkPjZ/sp9XkghTEbV9KlPS1xUsZ3u7/IQO4wxtcFB4bgpQPRcR3QCvezPcQ=="
    }
  }
}
